// !$*UTF8*$!
{
	archiveVersion = 1;
	classes = {
	};
	objectVersion = 56;
	objects = {

/* Begin PBXBuildFile section */
		3D3346072A2693BA00CBA11D /* ShopingAppApp.swift in Sources */ = {isa = PBXBuildFile; fileRef = 3D3346062A2693BA00CBA11D /* ShopingAppApp.swift */; };
		3D3346092A2693BA00CBA11D /* ContentView.swift in Sources */ = {isa = PBXBuildFile; fileRef = 3D3346082A2693BA00CBA11D /* ContentView.swift */; };
		3D33460B2A2693BB00CBA11D /* Assets.xcassets in Resources */ = {isa = PBXBuildFile; fileRef = 3D33460A2A2693BB00CBA11D /* Assets.xcassets */; };
		3D33460E2A2693BB00CBA11D /* Preview Assets.xcassets in Resources */ = {isa = PBXBuildFile; fileRef = 3D33460D2A2693BB00CBA11D /* Preview Assets.xcassets */; };
		3D3346152A26958700CBA11D /* OnBoardingScreen.swift in Sources */ = {isa = PBXBuildFile; fileRef = 3D3346142A26958700CBA11D /* OnBoardingScreen.swift */; };
		3D3346182A2695B100CBA11D /* HomeScreen.swift in Sources */ = {isa = PBXBuildFile; fileRef = 3D3346172A2695B100CBA11D /* HomeScreen.swift */; };
		3D33461B2A269C6800CBA11D /* ImageData.swift in Sources */ = {isa = PBXBuildFile; fileRef = 3D33461A2A269C6800CBA11D /* ImageData.swift */; };
		3D33461D2A269C7800CBA11D /* NearbyYou.swift in Sources */ = {isa = PBXBuildFile; fileRef = 3D33461C2A269C7800CBA11D /* NearbyYou.swift */; };
		3D33461F2A269FD800CBA11D /* FruitCardView.swift in Sources */ = {isa = PBXBuildFile; fileRef = 3D33461E2A269FD800CBA11D /* FruitCardView.swift */; };
		3D3346212A26A3A800CBA11D /* DetailView.swift in Sources */ = {isa = PBXBuildFile; fileRef = 3D3346202A26A3A800CBA11D /* DetailView.swift */; };
		3D3346232A26A3B500CBA11D /* TopScrollingView.swift in Sources */ = {isa = PBXBuildFile; fileRef = 3D3346222A26A3B500CBA11D /* TopScrollingView.swift */; };
		3D3D9B922A26B6BC00A74D11 /* NearYouView.swift in Sources */ = {isa = PBXBuildFile; fileRef = 3D3D9B912A26B6BC00A74D11 /* NearYouView.swift */; };
/* End PBXBuildFile section */

/* Begin PBXFileReference section */
		3D3346032A2693BA00CBA11D /* ShopingApp.app */ = {isa = PBXFileReference; explicitFileType = wrapper.application; includeInIndex = 0; path = ShopingApp.app; sourceTree = BUILT_PRODUCTS_DIR; };
		3D3346062A2693BA00CBA11D /* ShopingAppApp.swift */ = {isa = PBXFileReference; lastKnownFileType = sourcecode.swift; path = ShopingAppApp.swift; sourceTree = "<group>"; };
		3D3346082A2693BA00CBA11D /* ContentView.swift */ = {isa = PBXFileReference; lastKnownFileType = sourcecode.swift; path = ContentView.swift; sourceTree = "<group>"; };
		3D33460A2A2693BB00CBA11D /* Assets.xcassets */ = {isa = PBXFileReference; lastKnownFileType = folder.assetcatalog; path = Assets.xcassets; sourceTree = "<group>"; };
		3D33460D2A2693BB00CBA11D /* Preview Assets.xcassets */ = {isa = PBXFileReference; lastKnownFileType = folder.assetcatalog; path = "Preview Assets.xcassets"; sourceTree = "<group>"; };
		3D3346142A26958700CBA11D /* OnBoardingScreen.swift */ = {isa = PBXFileReference; lastKnownFileType = sourcecode.swift; path = OnBoardingScreen.swift; sourceTree = "<group>"; };
		3D3346172A2695B100CBA11D /* HomeScreen.swift */ = {isa = PBXFileReference; lastKnownFileType = sourcecode.swift; path = HomeScreen.swift; sourceTree = "<group>"; };
		3D33461A2A269C6800CBA11D /* ImageData.swift */ = {isa = PBXFileReference; lastKnownFileType = sourcecode.swift; path = ImageData.swift; sourceTree = "<group>"; };
		3D33461C2A269C7800CBA11D /* NearbyYou.swift */ = {isa = PBXFileReference; lastKnownFileType = sourcecode.swift; path = NearbyYou.swift; sourceTree = "<group>"; };
		3D33461E2A269FD800CBA11D /* FruitCardView.swift */ = {isa = PBXFileReference; lastKnownFileType = sourcecode.swift; path = FruitCardView.swift; sourceTree = "<group>"; };
		3D3346202A26A3A800CBA11D /* DetailView.swift */ = {isa = PBXFileReference; lastKnownFileType = sourcecode.swift; path = DetailView.swift; sourceTree = "<group>"; };
		3D3346222A26A3B500CBA11D /* TopScrollingView.swift */ = {isa = PBXFileReference; lastKnownFileType = sourcecode.swift; path = TopScrollingView.swift; sourceTree = "<group>"; };
		3D3D9B912A26B6BC00A74D11 /* NearYouView.swift */ = {isa = PBXFileReference; lastKnownFileType = sourcecode.swift; path = NearYouView.swift; sourceTree = "<group>"; };
/* End PBXFileReference section */

/* Begin PBXFrameworksBuildPhase section */
		3D3346002A2693BA00CBA11D /* Frameworks */ = {
			isa = PBXFrameworksBuildPhase;
			buildActionMask = 2147483647;
			files = (
			);
			runOnlyForDeploymentPostprocessing = 0;
		};
/* End PBXFrameworksBuildPhase section */

/* Begin PBXGroup section */
		3D3345FA2A2693BA00CBA11D = {
			isa = PBXGroup;
			children = (
				3D3346052A2693BA00CBA11D /* ShopingApp */,
				3D3346042A2693BA00CBA11D /* Products */,
			);
			sourceTree = "<group>";
		};
		3D3346042A2693BA00CBA11D /* Products */ = {
			isa = PBXGroup;
			children = (
				3D3346032A2693BA00CBA11D /* ShopingApp.app */,
			);
			name = Products;
			sourceTree = "<group>";
		};
		3D3346052A2693BA00CBA11D /* ShopingApp */ = {
			isa = PBXGroup;
			children = (
				3D3346192A269C4C00CBA11D /* Model */,
				3D3346162A2695A000CBA11D /* HomeScreen */,
				3D3346062A2693BA00CBA11D /* ShopingAppApp.swift */,
				3D3346082A2693BA00CBA11D /* ContentView.swift */,
				3D3346142A26958700CBA11D /* OnBoardingScreen.swift */,
				3D33460A2A2693BB00CBA11D /* Assets.xcassets */,
				3D33460C2A2693BB00CBA11D /* Preview Content */,
			);
			path = ShopingApp;
			sourceTree = "<group>";
		};
		3D33460C2A2693BB00CBA11D /* Preview Content */ = {
			isa = PBXGroup;
			children = (
				3D33460D2A2693BB00CBA11D /* Preview Assets.xcassets */,
			);
			path = "Preview Content";
			sourceTree = "<group>";
		};
		3D3346162A2695A000CBA11D /* HomeScreen */ = {
			isa = PBXGroup;
			children = (
				3D3346172A2695B100CBA11D /* HomeScreen.swift */,
				3D33461E2A269FD800CBA11D /* FruitCardView.swift */,
				3D3346202A26A3A800CBA11D /* DetailView.swift */,
				3D3346222A26A3B500CBA11D /* TopScrollingView.swift */,
				3D3D9B912A26B6BC00A74D11 /* NearYouView.swift */,
			);
			path = HomeScreen;
			sourceTree = "<group>";
		};
		3D3346192A269C4C00CBA11D /* Model */ = {
			isa = PBXGroup;
			children = (
				3D33461A2A269C6800CBA11D /* ImageData.swift */,
				3D33461C2A269C7800CBA11D /* NearbyYou.swift */,
			);
			path = Model;
			sourceTree = "<group>";
		};
/* End PBXGroup section */

/* Begin PBXNativeTarget section */
		3D3346022A2693BA00CBA11D /* ShopingApp */ = {
			isa = PBXNativeTarget;
			buildConfigurationList = 3D3346112A2693BB00CBA11D /* Build configuration list for PBXNativeTarget "ShopingApp" */;
			buildPhases = (
				3D3345FF2A2693BA00CBA11D /* Sources */,
				3D3346002A2693BA00CBA11D /* Frameworks */,
				3D3346012A2693BA00CBA11D /* Resources */,
			);
			buildRules = (
			);
			dependencies = (
			);
			name = ShopingApp;
			productName = ShopingApp;
			productReference = 3D3346032A2693BA00CBA11D /* ShopingApp.app */;
			productType = "com.apple.product-type.application";
		};
/* End PBXNativeTarget section */

/* Begin PBXProject section */
		3D3345FB2A2693BA00CBA11D /* Project object */ = {
			isa = PBXProject;
			attributes = {
				BuildIndependentTargetsInParallel = 1;
				LastSwiftUpdateCheck = 1430;
				LastUpgradeCheck = 1430;
				TargetAttributes = {
					3D3346022A2693BA00CBA11D = {
						CreatedOnToolsVersion = 14.3;
					};
				};
			};
			buildConfigurationList = 3D3345FE2A2693BA00CBA11D /* Build configuration list for PBXProject "ShopingApp" */;
			compatibilityVersion = "Xcode 14.0";
			developmentRegion = en;
			hasScannedForEncodings = 0;
			knownRegions = (
				en,
				Base,
			);
			mainGroup = 3D3345FA2A2693BA00CBA11D;
			productRefGroup = 3D3346042A2693BA00CBA11D /* Products */;
			projectDirPath = "";
			projectRoot = "";
			targets = (
				3D3346022A2693BA00CBA11D /* ShopingApp */,
			);
		};
/* End PBXProject section */

/* Begin PBXResourcesBuildPhase section */
		3D3346012A2693BA00CBA11D /* Resources */ = {
			isa = PBXResourcesBuildPhase;
			buildActionMask = 2147483647;
			files = (
				3D33460E2A2693BB00CBA11D /* Preview Assets.xcassets in Resources */,
				3D33460B2A2693BB00CBA11D /* Assets.xcassets in Resources */,
			);
			runOnlyForDeploymentPostprocessing = 0;
		};
/* End PBXResourcesBuildPhase section */

/* Begin PBXSourcesBuildPhase section */
		3D3345FF2A2693BA00CBA11D /* Sources */ = {
			isa = PBXSourcesBuildPhase;
			buildActionMask = 2147483647;
			files = (
				3D33461D2A269C7800CBA11D /* NearbyYou.swift in Sources */,
				3D3346212A26A3A800CBA11D /* DetailView.swift in Sources */,
				3D3346232A26A3B500CBA11D /* TopScrollingView.swift in Sources */,
				3D3346182A2695B100CBA11D /* HomeScreen.swift in Sources */,
				3D3346152A26958700CBA11D /* OnBoardingScreen.swift in Sources */,
				3D3346092A2693BA00CBA11D /* ContentView.swift in Sources */,
				3D3D9B922A26B6BC00A74D11 /* NearYouView.swift in Sources */,
				3D33461F2A269FD800CBA11D /* FruitCardView.swift in Sources */,
				3D33461B2A269C6800CBA11D /* ImageData.swift in Sources */,
				3D3346072A2693BA00CBA11D /* ShopingAppApp.swift in Sources */,
			);
			runOnlyForDeploymentPostprocessing = 0;
		};
/* End PBXSourcesBuildPhase section */

/* Begin XCBuildConfiguration section */
		3D33460F2A2693BB00CBA11D /* Debug */ = {
			isa = XCBuildConfiguration;
			buildSettings = {
				ALWAYS_SEARCH_USER_PATHS = NO;
				CLANG_ANALYZER_NONNULL = YES;
				CLANG_ANALYZER_NUMBER_OBJECT_CONVERSION = YES_AGGRESSIVE;
				CLANG_CXX_LANGUAGE_STANDARD = "gnu++20";
				CLANG_ENABLE_MODULES = YES;
				CLANG_ENABLE_OBJC_ARC = YES;
				CLANG_ENABLE_OBJC_WEAK = YES;
				CLANG_WARN_BLOCK_CAPTURE_AUTORELEASING = YES;
				CLANG_WARN_BOOL_CONVERSION = YES;
				CLANG_WARN_COMMA = YES;
				CLANG_WARN_CONSTANT_CONVERSION = YES;
				CLANG_WARN_DEPRECATED_OBJC_IMPLEMENTATIONS = YES;
				CLANG_WARN_DIRECT_OBJC_ISA_USAGE = YES_ERROR;
				CLANG_WARN_DOCUMENTATION_COMMENTS = YES;
				CLANG_WARN_EMPTY_BODY = YES;
				CLANG_WARN_ENUM_CONVERSION = YES;
				CLANG_WARN_INFINITE_RECURSION = YES;
				CLANG_WARN_INT_CONVERSION = YES;
				CLANG_WARN_NON_LITERAL_NULL_CONVERSION = YES;
				CLANG_WARN_OBJC_IMPLICIT_RETAIN_SELF = YES;
				CLANG_WARN_OBJC_LITERAL_CONVERSION = YES;
				CLANG_WARN_OBJC_ROOT_CLASS = YES_ERROR;
				CLANG_WARN_QUOTED_INCLUDE_IN_FRAMEWORK_HEADER = YES;
				CLANG_WARN_RANGE_LOOP_ANALYSIS = YES;
				CLANG_WARN_STRICT_PROTOTYPES = YES;
				CLANG_WARN_SUSPICIOUS_MOVE = YES;
				CLANG_WARN_UNGUARDED_AVAILABILITY = YES_AGGRESSIVE;
				CLANG_WARN_UNREACHABLE_CODE = YES;
				CLANG_WARN__DUPLICATE_METHOD_MATCH = YES;
				COPY_PHASE_STRIP = NO;
				DEBUG_INFORMATION_FORMAT = dwarf;
				ENABLE_STRICT_OBJC_MSGSEND = YES;
				ENABLE_TESTABILITY = YES;
				GCC_C_LANGUAGE_STANDARD = gnu11;
				GCC_DYNAMIC_NO_PIC = NO;
				GCC_NO_COMMON_BLOCKS = YES;
				GCC_OPTIMIZATION_LEVEL = 0;
				GCC_PREPROCESSOR_DEFINITIONS = (
					"DEBUG=1",
					"$(inherited)",
				);
				GCC_WARN_64_TO_32_BIT_CONVERSION = YES;
				GCC_WARN_ABOUT_RETURN_TYPE = YES_ERROR;
				GCC_WARN_UNDECLARED_SELECTOR = YES;
				GCC_WARN_UNINITIALIZED_AUTOS = YES_AGGRESSIVE;
				GCC_WARN_UNUSED_FUNCTION = YES;
				GCC_WARN_UNUSED_VARIABLE = YES;
				IPHONEOS_DEPLOYMENT_TARGET = 16.4;
				MTL_ENABLE_DEBUG_INFO = INCLUDE_SOURCE;
				MTL_FAST_MATH = YES;
				ONLY_ACTIVE_ARCH = YES;
				SDKROOT = iphoneos;
				SWIFT_ACTIVE_COMPILATION_CONDITIONS = DEBUG;
				SWIFT_OPTIMIZATION_LEVEL = "-Onone";
			};
			name = Debug;
		};
		3D3346102A2693BB00CBA11D /* Release */ = {
			isa = XCBuildConfiguration;
			buildSettings = {
				ALWAYS_SEARCH_USER_PATHS = NO;
				CLANG_ANALYZER_NONNULL = YES;
				CLANG_ANALYZER_NUMBER_OBJECT_CONVERSION = YES_AGGRESSIVE;
				CLANG_CXX_LANGUAGE_STANDARD = "gnu++20";
				CLANG_ENABLE_MODULES = YES;
				CLANG_ENABLE_OBJC_ARC = YES;
				CLANG_ENABLE_OBJC_WEAK = YES;
				CLANG_WARN_BLOCK_CAPTURE_AUTORELEASING = YES;
				CLANG_WARN_BOOL_CONVERSION = YES;
				CLANG_WARN_COMMA = YES;
				CLANG_WARN_CONSTANT_CONVERSION = YES;
				CLANG_WARN_DEPRECATED_OBJC_IMPLEMENTATIONS = YES;
				CLANG_WARN_DIRECT_OBJC_ISA_USAGE = YES_ERROR;
				CLANG_WARN_DOCUMENTATION_COMMENTS = YES;
				CLANG_WARN_EMPTY_BODY = YES;
				CLANG_WARN_ENUM_CONVERSION = YES;
				CLANG_WARN_INFINITE_RECURSION = YES;
				CLANG_WARN_INT_CONVERSION = YES;
				CLANG_WARN_NON_LITERAL_NULL_CONVERSION = YES;
				CLANG_WARN_OBJC_IMPLICIT_RETAIN_SELF = YES;
				CLANG_WARN_OBJC_LITERAL_CONVERSION = YES;
				CLANG_WARN_OBJC_ROOT_CLASS = YES_ERROR;
				CLANG_WARN_QUOTED_INCLUDE_IN_FRAMEWORK_HEADER = YES;
				CLANG_WARN_RANGE_LOOP_ANALYSIS = YES;
				CLANG_WARN_STRICT_PROTOTYPES = YES;
				CLANG_WARN_SUSPICIOUS_MOVE = YES;
				CLANG_WARN_UNGUARDED_AVAILABILITY = YES_AGGRESSIVE;
				CLANG_WARN_UNREACHABLE_CODE = YES;
				CLANG_WARN__DUPLICATE_METHOD_MATCH = YES;
				COPY_PHASE_STRIP = NO;
				DEBUG_INFORMATION_FORMAT = "dwarf-with-dsym";
				ENABLE_NS_ASSERTIONS = NO;
				ENABLE_STRICT_OBJC_MSGSEND = YES;
				GCC_C_LANGUAGE_STANDARD = gnu11;
				GCC_NO_COMMON_BLOCKS = YES;
				GCC_WARN_64_TO_32_BIT_CONVERSION = YES;
				GCC_WARN_ABOUT_RETURN_TYPE = YES_ERROR;
				GCC_WARN_UNDECLARED_SELECTOR = YES;
				GCC_WARN_UNINITIALIZED_AUTOS = YES_AGGRESSIVE;
				GCC_WARN_UNUSED_FUNCTION = YES;
				GCC_WARN_UNUSED_VARIABLE = YES;
				IPHONEOS_DEPLOYMENT_TARGET = 16.4;
				MTL_ENABLE_DEBUG_INFO = NO;
				MTL_FAST_MATH = YES;
				SDKROOT = iphoneos;
				SWIFT_COMPILATION_MODE = wholemodule;
				SWIFT_OPTIMIZATION_LEVEL = "-O";
				VALIDATE_PRODUCT = YES;
			};
			name = Release;
		};
		3D3346122A2693BB00CBA11D /* Debug */ = {
			isa = XCBuildConfiguration;
			buildSettings = {
				ASSETCATALOG_COMPILER_APPICON_NAME = AppIcon;
				ASSETCATALOG_COMPILER_GLOBAL_ACCENT_COLOR_NAME = AccentColor;
				CODE_SIGN_STYLE = Automatic;
				CURRENT_PROJECT_VERSION = 1;
				DEVELOPMENT_ASSET_PATHS = "\"ShopingApp/Preview Content\"";
				ENABLE_PREVIEWS = YES;
				GENERATE_INFOPLIST_FILE = YES;
				INFOPLIST_KEY_UIApplicationSceneManifest_Generation = YES;
				INFOPLIST_KEY_UIApplicationSupportsIndirectInputEvents = YES;
				INFOPLIST_KEY_UILaunchScreen_Generation = YES;
				INFOPLIST_KEY_UISupportedInterfaceOrientations_iPad = "UIInterfaceOrientationPortrait UIInterfaceOrientationPortraitUpsideDown UIInterfaceOrientationLandscapeLeft UIInterfaceOrientationLandscapeRight";
				INFOPLIST_KEY_UISupportedInterfaceOrientations_iPhone = "UIInterfaceOrientationPortrait UIInterfaceOrientationLandscapeLeft UIInterfaceOrientationLandscapeRight";
				LD_RUNPATH_SEARCH_PATHS = (
					"$(inherited)",
					"@executable_path/Frameworks",
				);
				MARKETING_VERSION = 1.0;
				PRODUCT_BUNDLE_IDENTIFIER = com.ShopingApp;
				PRODUCT_NAME = "$(TARGET_NAME)";
				SWIFT_EMIT_LOC_STRINGS = YES;
				SWIFT_VERSION = 5.0;
				TARGETED_DEVICE_FAMILY = "1,2";
			};
			name = Debug;
		};
		3D3346132A2693BB00CBA11D /* Release */ = {
			isa = XCBuildConfiguration;
			buildSettings = {
				ASSETCATALOG_COMPILER_APPICON_NAME = AppIcon;
				ASSETCATALOG_COMPILER_GLOBAL_ACCENT_COLOR_NAME = AccentColor;
				CODE_SIGN_STYLE = Automatic;
				CURRENT_PROJECT_VERSION = 1;
				DEVELOPMENT_ASSET_PATHS = "\"ShopingApp/Preview Content\"";
				ENABLE_PREVIEWS = YES;
				GENERATE_INFOPLIST_FILE = YES;
				INFOPLIST_KEY_UIApplicationSceneManifest_Generation = YES;
				INFOPLIST_KEY_UIApplicationSupportsIndirectInputEvents = YES;
				INFOPLIST_KEY_UILaunchScreen_Generation = YES;
				INFOPLIST_KEY_UISupportedInterfaceOrientations_iPad = "UIInterfaceOrientationPortrait UIInterfaceOrientationPortraitUpsideDown UIInterfaceOrientationLandscapeLeft UIInterfaceOrientationLandscapeRight";
				INFOPLIST_KEY_UISupportedInterfaceOrientations_iPhone = "UIInterfaceOrientationPortrait UIInterfaceOrientationLandscapeLeft UIInterfaceOrientationLandscapeRight";
				LD_RUNPATH_SEARCH_PATHS = (
					"$(inherited)",
					"@executable_path/Frameworks",
				);
				MARKETING_VERSION = 1.0;
				PRODUCT_BUNDLE_IDENTIFIER = com.ShopingApp;
				PRODUCT_NAME = "$(TARGET_NAME)";
				SWIFT_EMIT_LOC_STRINGS = YES;
				SWIFT_VERSION = 5.0;
				TARGETED_DEVICE_FAMILY = "1,2";
			};
			name = Release;
		};
/* End XCBuildConfiguration section */

/* Begin XCConfigurationList section */
		3D3345FE2A2693BA00CBA11D /* Build configuration list for PBXProject "ShopingApp" */ = {
			isa = XCConfigurationList;
			buildConfigurations = (
				3D33460F2A2693BB00CBA11D /* Debug */,
				3D3346102A2693BB00CBA11D /* Release */,
			);
			defaultConfigurationIsVisible = 0;
			defaultConfigurationName = Release;
		};
		3D3346112A2693BB00CBA11D /* Build configuration list for PBXNativeTarget "ShopingApp" */ = {
			isa = XCConfigurationList;
			buildConfigurations = (
				3D3346122A2693BB00CBA11D /* Debug */,
				3D3346132A2693BB00CBA11D /* Release */,
			);
			defaultConfigurationIsVisible = 0;
			defaultConfigurationName = Release;
		};
/* End XCConfigurationList section */
	};
	rootObject = 3D3345FB2A2693BA00CBA11D /* Project object */;
}
